
Microsoft Visual Studio Solution File, Format Version 12.00
# Visual Studio Version 17
VisualStudioVersion = 17.9.34728.123
MinimumVisualStudioVersion = 10.0.40219.1
Project("{FAE04EC0-301F-11D3-BF4B-00C04F79EFBC}") = "SecureFileVault", "SecureFileVault\SecureFileVault.csproj", "{FDEB2677-EA17-476E-8E57-5F78CCFD65F4}"
EndProject
Global
	GlobalSection(SolutionConfigurationPlatforms) = preSolution
		Debug|Any CPU = Debug|Any CPU
		Release|Any CPU = Release|Any CPU
	EndGlobalSection
	GlobalSection(ProjectConfigurationPlatforms) = postSolution
		{FDEB2677-EA17-476E-8E57-5F78CCFD65F4}.Debug|Any CPU.ActiveCfg = Debug|Any CPU
		{FDEB2677-EA17-476E-8E57-5F78CCFD65F4}.Debug|Any CPU.Build.0 = Debug|Any CPU
		{FDEB2677-EA17-476E-8E57-5F78CCFD65F4}.Release|Any CPU.ActiveCfg = Release|Any CPU
		{FDEB2677-EA17-476E-8E57-5F78CCFD65F4}.Release|Any CPU.Build.0 = Release|Any CPU
	EndGlobalSection
	GlobalSection(SolutionProperties) = preSolution
		HideSolutionNode = FALSE
	EndGlobalSection
	GlobalSection(ExtensibilityGlobals) = postSolution
		SolutionGuid = {72EFE5D1-0E21-4701-BF3F-8B2FD0DAF3D1}
	EndGlobalSection
EndGlobal
